
Microsoft Visual Studio Solution File, Format Version 12.00
Project("{2150E333-8FDC-42A3-9474-1A3956D46DE8}") = "Docker", "Docker", "{5F3F916C-0321-8A9F-8AC0-501F442D9F72}"
EndProject
Project("{FAE04EC0-301F-11D3-BF4B-00C04F79EFBC}") = "Docker", "Docker\Docker.csproj", "{9886E28C-1550-88E0-D53B-4C27BD5C3744}"
EndProject
Project("{2150E333-8FDC-42A3-9474-1A3956D46DE8}") = "src", "src", "{827E0CD3-B72D-47B6-A68D-7590B98EB39B}"
EndProject
Project("{2150E333-8FDC-42A3-9474-1A3956D46DE8}") = "Common", "Common", "{BFF2DF6E-AA54-47C7-211F-79ACCBB4577C}"
EndProject
Project("{FAE04EC0-301F-11D3-BF4B-00C04F79EFBC}") = "SmartAttendance.Common", "src\Common\SmartAttendance.Common\SmartAttendance.Common.csproj", "{C5A461C9-666A-9D79-FACB-854DDF265481}"
EndProject
Project("{2150E333-8FDC-42A3-9474-1A3956D46DE8}") = "Core", "Core", "{8D626EA8-CB54-BC41-363A-217881BEBA6E}"
EndProject
Project("{FAE04EC0-301F-11D3-BF4B-00C04F79EFBC}") = "SmartAttendance.Application", "src\Core\Application\SmartAttendance.Application.csproj", "{EBC73755-F81D-C3CB-BE5C-CAD3C54B230C}"
EndProject
Project("{FAE04EC0-301F-11D3-BF4B-00C04F79EFBC}") = "SmartAttendance.Domain", "src\Core\Domain\SmartAttendance.Domain.csproj", "{EECFD34B-DE8D-4EB8-69E0-87FDDEEC509C}"
EndProject
Project("{2150E333-8FDC-42A3-9474-1A3956D46DE8}") = "Infrastructure", "Infrastructure", "{9048EB7F-3875-A59E-E36B-5BD4C6F2A282}"
EndProject
Project("{FAE04EC0-301F-11D3-BF4B-00C04F79EFBC}") = "SmartAttendance.Persistence", "src\Infrastructure\Persistance\SmartAttendance.Persistence.csproj", "{096665FD-F201-7E52-C7BE-08E8985CB716}"
EndProject
Project("{FAE04EC0-301F-11D3-BF4B-00C04F79EFBC}") = "SmartAttendance.RequestHandlers", "src\Infrastructure\RequestHandlers\SmartAttendance.RequestHandlers.csproj", "{9084BF07-0C0E-7051-9EEB-473F4D846FD9}"
EndProject
Project("{2150E333-8FDC-42A3-9474-1A3956D46DE8}") = "Web", "Web", "{03997797-E7F5-0643-168D-B8EA7178C2FE}"
EndProject
Project("{FAE04EC0-301F-11D3-BF4B-00C04F79EFBC}") = "SmartAttendance.ApiFramework", "src\Web\ApiFramework\SmartAttendance.ApiFramework.csproj", "{24FA93D7-9956-D453-B271-B6181019DA60}"
EndProject
Project("{FAE04EC0-301F-11D3-BF4B-00C04F79EFBC}") = "SmartAttendance.Api", "src\Web\Api\SmartAttendance.Api.csproj", "{DAD77287-7AED-0582-7373-1241C97347CD}"
EndProject
Global
	GlobalSection(SolutionConfigurationPlatforms) = preSolution
		Debug|Any CPU = Debug|Any CPU
		Release|Any CPU = Release|Any CPU
	EndGlobalSection
	GlobalSection(ProjectConfigurationPlatforms) = postSolution
		{9886E28C-1550-88E0-D53B-4C27BD5C3744}.Debug|Any CPU.ActiveCfg = Debug|Any CPU
		{9886E28C-1550-88E0-D53B-4C27BD5C3744}.Debug|Any CPU.Build.0 = Debug|Any CPU
		{9886E28C-1550-88E0-D53B-4C27BD5C3744}.Release|Any CPU.ActiveCfg = Debug|Any CPU
		{9886E28C-1550-88E0-D53B-4C27BD5C3744}.Release|Any CPU.Build.0 = Debug|Any CPU
		{C5A461C9-666A-9D79-FACB-854DDF265481}.Debug|Any CPU.ActiveCfg = Debug|Any CPU
		{C5A461C9-666A-9D79-FACB-854DDF265481}.Debug|Any CPU.Build.0 = Debug|Any CPU
		{C5A461C9-666A-9D79-FACB-854DDF265481}.Release|Any CPU.ActiveCfg = Release|Any CPU
		{C5A461C9-666A-9D79-FACB-854DDF265481}.Release|Any CPU.Build.0 = Release|Any CPU
		{EBC73755-F81D-C3CB-BE5C-CAD3C54B230C}.Debug|Any CPU.ActiveCfg = Debug|Any CPU
		{EBC73755-F81D-C3CB-BE5C-CAD3C54B230C}.Debug|Any CPU.Build.0 = Debug|Any CPU
		{EBC73755-F81D-C3CB-BE5C-CAD3C54B230C}.Release|Any CPU.ActiveCfg = Release|Any CPU
		{EBC73755-F81D-C3CB-BE5C-CAD3C54B230C}.Release|Any CPU.Build.0 = Release|Any CPU
		{EECFD34B-DE8D-4EB8-69E0-87FDDEEC509C}.Debug|Any CPU.ActiveCfg = Debug|Any CPU
		{EECFD34B-DE8D-4EB8-69E0-87FDDEEC509C}.Debug|Any CPU.Build.0 = Debug|Any CPU
		{EECFD34B-DE8D-4EB8-69E0-87FDDEEC509C}.Release|Any CPU.ActiveCfg = Release|Any CPU
		{EECFD34B-DE8D-4EB8-69E0-87FDDEEC509C}.Release|Any CPU.Build.0 = Release|Any CPU
		{096665FD-F201-7E52-C7BE-08E8985CB716}.Debug|Any CPU.ActiveCfg = Debug|Any CPU
		{096665FD-F201-7E52-C7BE-08E8985CB716}.Debug|Any CPU.Build.0 = Debug|Any CPU
		{096665FD-F201-7E52-C7BE-08E8985CB716}.Release|Any CPU.ActiveCfg = Release|Any CPU
		{096665FD-F201-7E52-C7BE-08E8985CB716}.Release|Any CPU.Build.0 = Release|Any CPU
		{9084BF07-0C0E-7051-9EEB-473F4D846FD9}.Debug|Any CPU.ActiveCfg = Debug|Any CPU
		{9084BF07-0C0E-7051-9EEB-473F4D846FD9}.Debug|Any CPU.Build.0 = Debug|Any CPU
		{9084BF07-0C0E-7051-9EEB-473F4D846FD9}.Release|Any CPU.ActiveCfg = Release|Any CPU
		{9084BF07-0C0E-7051-9EEB-473F4D846FD9}.Release|Any CPU.Build.0 = Release|Any CPU
		{24FA93D7-9956-D453-B271-B6181019DA60}.Debug|Any CPU.ActiveCfg = Debug|Any CPU
		{24FA93D7-9956-D453-B271-B6181019DA60}.Debug|Any CPU.Build.0 = Debug|Any CPU
		{24FA93D7-9956-D453-B271-B6181019DA60}.Release|Any CPU.ActiveCfg = Release|Any CPU
		{24FA93D7-9956-D453-B271-B6181019DA60}.Release|Any CPU.Build.0 = Release|Any CPU
		{DAD77287-7AED-0582-7373-1241C97347CD}.Debug|Any CPU.ActiveCfg = Debug|Any CPU
		{DAD77287-7AED-0582-7373-1241C97347CD}.Debug|Any CPU.Build.0 = Debug|Any CPU
		{DAD77287-7AED-0582-7373-1241C97347CD}.Release|Any CPU.ActiveCfg = Release|Any CPU
		{DAD77287-7AED-0582-7373-1241C97347CD}.Release|Any CPU.Build.0 = Release|Any CPU
	EndGlobalSection
	GlobalSection(NestedProjects) = preSolution
		{9886E28C-1550-88E0-D53B-4C27BD5C3744} = {5F3F916C-0321-8A9F-8AC0-501F442D9F72}
		{BFF2DF6E-AA54-47C7-211F-79ACCBB4577C} = {827E0CD3-B72D-47B6-A68D-7590B98EB39B}
		{8D626EA8-CB54-BC41-363A-217881BEBA6E} = {827E0CD3-B72D-47B6-A68D-7590B98EB39B}
		{9048EB7F-3875-A59E-E36B-5BD4C6F2A282} = {827E0CD3-B72D-47B6-A68D-7590B98EB39B}
		{03997797-E7F5-0643-168D-B8EA7178C2FE} = {827E0CD3-B72D-47B6-A68D-7590B98EB39B}
		{C5A461C9-666A-9D79-FACB-854DDF265481} = {BFF2DF6E-AA54-47C7-211F-79ACCBB4577C}
		{EBC73755-F81D-C3CB-BE5C-CAD3C54B230C} = {8D626EA8-CB54-BC41-363A-217881BEBA6E}
		{EECFD34B-DE8D-4EB8-69E0-87FDDEEC509C} = {8D626EA8-CB54-BC41-363A-217881BEBA6E}
		{096665FD-F201-7E52-C7BE-08E8985CB716} = {9048EB7F-3875-A59E-E36B-5BD4C6F2A282}
		{9084BF07-0C0E-7051-9EEB-473F4D846FD9} = {9048EB7F-3875-A59E-E36B-5BD4C6F2A282}
		{24FA93D7-9956-D453-B271-B6181019DA60} = {03997797-E7F5-0643-168D-B8EA7178C2FE}
		{DAD77287-7AED-0582-7373-1241C97347CD} = {03997797-E7F5-0643-168D-B8EA7178C2FE}
	EndGlobalSection
EndGlobal
