
Microsoft Visual Studio Solution File, Format Version 12.00
Project("{2150E333-8FDC-42A3-9474-1A3956D46DE8}") = "Docker", "Docker", "{5F3F916C-0321-8A9F-8AC0-501F442D9F72}"
EndProject
Project("{FAE04EC0-301F-11D3-BF4B-00C04F79EFBC}") = "Docker", "Docker\Docker.csproj", "{9886E28C-1550-88E0-D53B-4C27BD5C3744}"
EndProject
Project("{2150E333-8FDC-42A3-9474-1A3956D46DE8}") = "src", "src", "{827E0CD3-B72D-47B6-A68D-7590B98EB39B}"
EndProject
Project("{2150E333-8FDC-42A3-9474-1A3956D46DE8}") = "Common", "Common", "{BFF2DF6E-AA54-47C7-211F-79ACCBB4577C}"
EndProject
Project("{FAE04EC0-301F-11D3-BF4B-00C04F79EFBC}") = "SmartAttendance.Common", "src\Common\SmartAttendance.Common\SmartAttendance.Common.csproj", "{FC96A47C-1954-6D49-EDC1-E170E8E3535F}"
EndProject
Project("{2150E333-8FDC-42A3-9474-1A3956D46DE8}") = "Core", "Core", "{8D626EA8-CB54-BC41-363A-217881BEBA6E}"
EndProject
Project("{FAE04EC0-301F-11D3-BF4B-00C04F79EFBC}") = "SmartAttendance.Application", "src\Core\Application\SmartAttendance.Application.csproj", "{8EBDEC0A-BE80-73D4-02B8-4757F911282F}"
EndProject
Project("{FAE04EC0-301F-11D3-BF4B-00C04F79EFBC}") = "SmartAttendance.Domain", "src\Core\Domain\SmartAttendance.Domain.csproj", "{D5C0B145-EB67-3E85-D008-A0B86920A879}"
EndProject
Project("{2150E333-8FDC-42A3-9474-1A3956D46DE8}") = "Infrastructure", "Infrastructure", "{9048EB7F-3875-A59E-E36B-5BD4C6F2A282}"
EndProject
Project("{FAE04EC0-301F-11D3-BF4B-00C04F79EFBC}") = "SmartAttendance.Persistence", "src\Infrastructure\Persistance\SmartAttendance.Persistence.csproj", "{096AA567-2264-0B23-8247-0F24CFBF70DC}"
EndProject
Project("{FAE04EC0-301F-11D3-BF4B-00C04F79EFBC}") = "SmartAttendance.RequestHandlers", "src\Infrastructure\RequestHandlers\SmartAttendance.RequestHandlers.csproj", "{9B046FD2-B325-ECC4-BC19-63631A5DF134}"
EndProject
Project("{2150E333-8FDC-42A3-9474-1A3956D46DE8}") = "Web", "Web", "{03997797-E7F5-0643-168D-B8EA7178C2FE}"
EndProject
Project("{FAE04EC0-301F-11D3-BF4B-00C04F79EFBC}") = "SmartAttendance.ApiFramework", "src\Web\ApiFramework\SmartAttendance.ApiFramework.csproj", "{C96A01C5-1A0E-F2B9-4C32-139AD01C8CAD}"
EndProject
Project("{FAE04EC0-301F-11D3-BF4B-00C04F79EFBC}") = "SmartAttendance.Api", "src\Web\Api\SmartAttendance.Api.csproj", "{97F6B462-A858-177C-4CC9-B11D392CAD06}"
EndProject
Global
	GlobalSection(SolutionConfigurationPlatforms) = preSolution
		Debug|Any CPU = Debug|Any CPU
		Release|Any CPU = Release|Any CPU
	EndGlobalSection
	GlobalSection(ProjectConfigurationPlatforms) = postSolution
		{9886E28C-1550-88E0-D53B-4C27BD5C3744}.Debug|Any CPU.ActiveCfg = Debug|Any CPU
		{9886E28C-1550-88E0-D53B-4C27BD5C3744}.Debug|Any CPU.Build.0 = Debug|Any CPU
		{9886E28C-1550-88E0-D53B-4C27BD5C3744}.Release|Any CPU.ActiveCfg = Debug|Any CPU
		{9886E28C-1550-88E0-D53B-4C27BD5C3744}.Release|Any CPU.Build.0 = Debug|Any CPU
		{FC96A47C-1954-6D49-EDC1-E170E8E3535F}.Debug|Any CPU.ActiveCfg = Debug|Any CPU
		{FC96A47C-1954-6D49-EDC1-E170E8E3535F}.Debug|Any CPU.Build.0 = Debug|Any CPU
		{FC96A47C-1954-6D49-EDC1-E170E8E3535F}.Release|Any CPU.ActiveCfg = Release|Any CPU
		{FC96A47C-1954-6D49-EDC1-E170E8E3535F}.Release|Any CPU.Build.0 = Release|Any CPU
		{8EBDEC0A-BE80-73D4-02B8-4757F911282F}.Debug|Any CPU.ActiveCfg = Debug|Any CPU
		{8EBDEC0A-BE80-73D4-02B8-4757F911282F}.Debug|Any CPU.Build.0 = Debug|Any CPU
		{8EBDEC0A-BE80-73D4-02B8-4757F911282F}.Release|Any CPU.ActiveCfg = Release|Any CPU
		{8EBDEC0A-BE80-73D4-02B8-4757F911282F}.Release|Any CPU.Build.0 = Release|Any CPU
		{D5C0B145-EB67-3E85-D008-A0B86920A879}.Debug|Any CPU.ActiveCfg = Debug|Any CPU
		{D5C0B145-EB67-3E85-D008-A0B86920A879}.Debug|Any CPU.Build.0 = Debug|Any CPU
		{D5C0B145-EB67-3E85-D008-A0B86920A879}.Release|Any CPU.ActiveCfg = Release|Any CPU
		{D5C0B145-EB67-3E85-D008-A0B86920A879}.Release|Any CPU.Build.0 = Release|Any CPU
		{096AA567-2264-0B23-8247-0F24CFBF70DC}.Debug|Any CPU.ActiveCfg = Debug|Any CPU
		{096AA567-2264-0B23-8247-0F24CFBF70DC}.Debug|Any CPU.Build.0 = Debug|Any CPU
		{096AA567-2264-0B23-8247-0F24CFBF70DC}.Release|Any CPU.ActiveCfg = Release|Any CPU
		{096AA567-2264-0B23-8247-0F24CFBF70DC}.Release|Any CPU.Build.0 = Release|Any CPU
		{9B046FD2-B325-ECC4-BC19-63631A5DF134}.Debug|Any CPU.ActiveCfg = Debug|Any CPU
		{9B046FD2-B325-ECC4-BC19-63631A5DF134}.Debug|Any CPU.Build.0 = Debug|Any CPU
		{9B046FD2-B325-ECC4-BC19-63631A5DF134}.Release|Any CPU.ActiveCfg = Release|Any CPU
		{9B046FD2-B325-ECC4-BC19-63631A5DF134}.Release|Any CPU.Build.0 = Release|Any CPU
		{C96A01C5-1A0E-F2B9-4C32-139AD01C8CAD}.Debug|Any CPU.ActiveCfg = Debug|Any CPU
		{C96A01C5-1A0E-F2B9-4C32-139AD01C8CAD}.Debug|Any CPU.Build.0 = Debug|Any CPU
		{C96A01C5-1A0E-F2B9-4C32-139AD01C8CAD}.Release|Any CPU.ActiveCfg = Release|Any CPU
		{C96A01C5-1A0E-F2B9-4C32-139AD01C8CAD}.Release|Any CPU.Build.0 = Release|Any CPU
		{97F6B462-A858-177C-4CC9-B11D392CAD06}.Debug|Any CPU.ActiveCfg = Debug|Any CPU
		{97F6B462-A858-177C-4CC9-B11D392CAD06}.Debug|Any CPU.Build.0 = Debug|Any CPU
		{97F6B462-A858-177C-4CC9-B11D392CAD06}.Release|Any CPU.ActiveCfg = Release|Any CPU
		{97F6B462-A858-177C-4CC9-B11D392CAD06}.Release|Any CPU.Build.0 = Release|Any CPU
	EndGlobalSection
	GlobalSection(NestedProjects) = preSolution
		{9886E28C-1550-88E0-D53B-4C27BD5C3744} = {5F3F916C-0321-8A9F-8AC0-501F442D9F72}
		{BFF2DF6E-AA54-47C7-211F-79ACCBB4577C} = {827E0CD3-B72D-47B6-A68D-7590B98EB39B}
		{8D626EA8-CB54-BC41-363A-217881BEBA6E} = {827E0CD3-B72D-47B6-A68D-7590B98EB39B}
		{9048EB7F-3875-A59E-E36B-5BD4C6F2A282} = {827E0CD3-B72D-47B6-A68D-7590B98EB39B}
		{03997797-E7F5-0643-168D-B8EA7178C2FE} = {827E0CD3-B72D-47B6-A68D-7590B98EB39B}
		{FC96A47C-1954-6D49-EDC1-E170E8E3535F} = {BFF2DF6E-AA54-47C7-211F-79ACCBB4577C}
		{8EBDEC0A-BE80-73D4-02B8-4757F911282F} = {8D626EA8-CB54-BC41-363A-217881BEBA6E}
		{D5C0B145-EB67-3E85-D008-A0B86920A879} = {8D626EA8-CB54-BC41-363A-217881BEBA6E}
		{096AA567-2264-0B23-8247-0F24CFBF70DC} = {9048EB7F-3875-A59E-E36B-5BD4C6F2A282}
		{9B046FD2-B325-ECC4-BC19-63631A5DF134} = {9048EB7F-3875-A59E-E36B-5BD4C6F2A282}
		{C96A01C5-1A0E-F2B9-4C32-139AD01C8CAD} = {03997797-E7F5-0643-168D-B8EA7178C2FE}
		{97F6B462-A858-177C-4CC9-B11D392CAD06} = {03997797-E7F5-0643-168D-B8EA7178C2FE}
	EndGlobalSection
EndGlobal
