
Microsoft Visual Studio Solution File, Format Version 12.00
Project("{FAE04EC0-301F-11D3-BF4B-00C04F79EFBC}") = "UI.Web", "Ui\UI.Web\UI.Web.csproj", "{90AC46F7-9247-46F2-A6EA-F8670E8415CE}"
EndProject
Project("{FAE04EC0-301F-11D3-BF4B-00C04F79EFBC}") = "UI.Components", "Ui\UI.Components\UI.Components.csproj", "{AEE4EECB-C3E9-4FF6-BDF1-3C570BA58D04}"
EndProject
Project("{FAE04EC0-301F-11D3-BF4B-00C04F79EFBC}") = "App.Handlers", "Infrastructure\App.Handlers\App.Handlers.csproj", "{9F31CAA3-DF2A-49D0-A58C-72021C2E8191}"
EndProject
Project("{FAE04EC0-301F-11D3-BF4B-00C04F79EFBC}") = "App.Persistence", "Infrastructure\App.Persistence\App.Persistence.csproj", "{80FF86BA-6427-4501-99C5-071A84273E43}"
EndProject
Project("{FAE04EC0-301F-11D3-BF4B-00C04F79EFBC}") = "App.Domain", "Core\App.Domain\App.Domain.csproj", "{49CBFFA4-5AAD-42FF-8D39-1E5670B6E451}"
EndProject
Project("{FAE04EC0-301F-11D3-BF4B-00C04F79EFBC}") = "App.Applications", "Core\App.Applications\App.Applications.csproj", "{9A0406EC-3163-4770-8714-5FC56BF1C388}"
EndProject
Project("{FAE04EC0-301F-11D3-BF4B-00C04F79EFBC}") = "App.Common", "Common\App.Common\App.Common.csproj", "{F95BB1D7-532A-4711-936A-CB4C2BF0614B}"
EndProject
Project("{2150E333-8FDC-42A3-9474-1A3956D46DE8}") = "Domain", "Domain", "{A39A4212-6F48-40E8-A3A7-6158D37DAE01}"
EndProject
Project("{2150E333-8FDC-42A3-9474-1A3956D46DE8}") = "Common", "Common", "{DE98EA0A-E1CA-4E1C-87DC-AF185870E7CB}"
EndProject
Project("{2150E333-8FDC-42A3-9474-1A3956D46DE8}") = "Infrastructure", "Infrastructure", "{00A6D344-3696-4FA5-AE38-0DA0346EF87A}"
EndProject
Project("{2150E333-8FDC-42A3-9474-1A3956D46DE8}") = "UI", "UI", "{88587B68-1CEC-4ED5-A940-4EDF711291D1}"
EndProject
Global
	GlobalSection(SolutionConfigurationPlatforms) = preSolution
		Debug|Any CPU = Debug|Any CPU
		Release|Any CPU = Release|Any CPU
	EndGlobalSection
	GlobalSection(ProjectConfigurationPlatforms) = postSolution
		{90AC46F7-9247-46F2-A6EA-F8670E8415CE}.Debug|Any CPU.ActiveCfg = Debug|Any CPU
		{90AC46F7-9247-46F2-A6EA-F8670E8415CE}.Debug|Any CPU.Build.0 = Debug|Any CPU
		{90AC46F7-9247-46F2-A6EA-F8670E8415CE}.Release|Any CPU.ActiveCfg = Release|Any CPU
		{90AC46F7-9247-46F2-A6EA-F8670E8415CE}.Release|Any CPU.Build.0 = Release|Any CPU
		{AEE4EECB-C3E9-4FF6-BDF1-3C570BA58D04}.Debug|Any CPU.ActiveCfg = Debug|Any CPU
		{AEE4EECB-C3E9-4FF6-BDF1-3C570BA58D04}.Debug|Any CPU.Build.0 = Debug|Any CPU
		{AEE4EECB-C3E9-4FF6-BDF1-3C570BA58D04}.Release|Any CPU.ActiveCfg = Release|Any CPU
		{AEE4EECB-C3E9-4FF6-BDF1-3C570BA58D04}.Release|Any CPU.Build.0 = Release|Any CPU
		{9F31CAA3-DF2A-49D0-A58C-72021C2E8191}.Debug|Any CPU.ActiveCfg = Debug|Any CPU
		{9F31CAA3-DF2A-49D0-A58C-72021C2E8191}.Debug|Any CPU.Build.0 = Debug|Any CPU
		{9F31CAA3-DF2A-49D0-A58C-72021C2E8191}.Release|Any CPU.ActiveCfg = Release|Any CPU
		{9F31CAA3-DF2A-49D0-A58C-72021C2E8191}.Release|Any CPU.Build.0 = Release|Any CPU
		{80FF86BA-6427-4501-99C5-071A84273E43}.Debug|Any CPU.ActiveCfg = Debug|Any CPU
		{80FF86BA-6427-4501-99C5-071A84273E43}.Debug|Any CPU.Build.0 = Debug|Any CPU
		{80FF86BA-6427-4501-99C5-071A84273E43}.Release|Any CPU.ActiveCfg = Release|Any CPU
		{80FF86BA-6427-4501-99C5-071A84273E43}.Release|Any CPU.Build.0 = Release|Any CPU
		{49CBFFA4-5AAD-42FF-8D39-1E5670B6E451}.Debug|Any CPU.ActiveCfg = Debug|Any CPU
		{49CBFFA4-5AAD-42FF-8D39-1E5670B6E451}.Debug|Any CPU.Build.0 = Debug|Any CPU
		{49CBFFA4-5AAD-42FF-8D39-1E5670B6E451}.Release|Any CPU.ActiveCfg = Release|Any CPU
		{49CBFFA4-5AAD-42FF-8D39-1E5670B6E451}.Release|Any CPU.Build.0 = Release|Any CPU
		{9A0406EC-3163-4770-8714-5FC56BF1C388}.Debug|Any CPU.ActiveCfg = Debug|Any CPU
		{9A0406EC-3163-4770-8714-5FC56BF1C388}.Debug|Any CPU.Build.0 = Debug|Any CPU
		{9A0406EC-3163-4770-8714-5FC56BF1C388}.Release|Any CPU.ActiveCfg = Release|Any CPU
		{9A0406EC-3163-4770-8714-5FC56BF1C388}.Release|Any CPU.Build.0 = Release|Any CPU
		{F95BB1D7-532A-4711-936A-CB4C2BF0614B}.Debug|Any CPU.ActiveCfg = Debug|Any CPU
		{F95BB1D7-532A-4711-936A-CB4C2BF0614B}.Debug|Any CPU.Build.0 = Debug|Any CPU
		{F95BB1D7-532A-4711-936A-CB4C2BF0614B}.Release|Any CPU.ActiveCfg = Release|Any CPU
		{F95BB1D7-532A-4711-936A-CB4C2BF0614B}.Release|Any CPU.Build.0 = Release|Any CPU
	EndGlobalSection
	GlobalSection(NestedProjects) = preSolution
		{9A0406EC-3163-4770-8714-5FC56BF1C388} = {A39A4212-6F48-40E8-A3A7-6158D37DAE01}
		{49CBFFA4-5AAD-42FF-8D39-1E5670B6E451} = {A39A4212-6F48-40E8-A3A7-6158D37DAE01}
		{F95BB1D7-532A-4711-936A-CB4C2BF0614B} = {DE98EA0A-E1CA-4E1C-87DC-AF185870E7CB}
		{9F31CAA3-DF2A-49D0-A58C-72021C2E8191} = {00A6D344-3696-4FA5-AE38-0DA0346EF87A}
		{80FF86BA-6427-4501-99C5-071A84273E43} = {00A6D344-3696-4FA5-AE38-0DA0346EF87A}
		{AEE4EECB-C3E9-4FF6-BDF1-3C570BA58D04} = {88587B68-1CEC-4ED5-A940-4EDF711291D1}
		{90AC46F7-9247-46F2-A6EA-F8670E8415CE} = {88587B68-1CEC-4ED5-A940-4EDF711291D1}
	EndGlobalSection
EndGlobal
